
Microsoft Visual Studio Solution File, Format Version 12.00
# Visual Studio 15
VisualStudioVersion = 15.0.27428.2002
MinimumVisualStudioVersion = 10.0.40219.1
Project("{FAE04EC0-301F-11D3-BF4B-00C04F79EFBC}") = "iDashAPI", "iDashAPI\iDashAPI.csproj", "{5D6C5B67-F6D3-451F-8540-DAEDF5555C5B}"
EndProject
Project("{E53339B2-1760-4266-BCC7-CA923CBCF16C}") = "docker-compose", "docker-compose.dcproj", "{21660A74-C55E-4A55-9197-B2C934AE509F}"
EndProject
Global
	GlobalSection(SolutionConfigurationPlatforms) = preSolution
		Debug|Any CPU = Debug|Any CPU
		Release|Any CPU = Release|Any CPU
	EndGlobalSection
	GlobalSection(ProjectConfigurationPlatforms) = postSolution
		{5D6C5B67-F6D3-451F-8540-DAEDF5555C5B}.Debug|Any CPU.ActiveCfg = Debug|Any CPU
		{5D6C5B67-F6D3-451F-8540-DAEDF5555C5B}.Debug|Any CPU.Build.0 = Debug|Any CPU
		{5D6C5B67-F6D3-451F-8540-DAEDF5555C5B}.Release|Any CPU.ActiveCfg = Release|Any CPU
		{5D6C5B67-F6D3-451F-8540-DAEDF5555C5B}.Release|Any CPU.Build.0 = Release|Any CPU
		{21660A74-C55E-4A55-9197-B2C934AE509F}.Debug|Any CPU.ActiveCfg = Debug|Any CPU
		{21660A74-C55E-4A55-9197-B2C934AE509F}.Debug|Any CPU.Build.0 = Debug|Any CPU
		{21660A74-C55E-4A55-9197-B2C934AE509F}.Release|Any CPU.ActiveCfg = Release|Any CPU
		{21660A74-C55E-4A55-9197-B2C934AE509F}.Release|Any CPU.Build.0 = Release|Any CPU
	EndGlobalSection
	GlobalSection(SolutionProperties) = preSolution
		HideSolutionNode = FALSE
	EndGlobalSection
	GlobalSection(ExtensibilityGlobals) = postSolution
		SolutionGuid = {5BAC11DC-B3A0-4DB9-8335-82A620EB4574}
	EndGlobalSection
EndGlobal
